{
  "version": 4,
  "terraform_version": "1.13.3",
  "serial": 66,
  "lineage": "4516548b-f86b-9e89-391d-d8ae3aa4838a",
  "outputs": {
    "app_service_url": {
      "value": "webapp-demo-007.azurewebsites.net",
      "type": "string"
    },
    "staging_slot_url": {
      "value": "webapp-demo-007-staging.azurewebsites.net",
      "type": "string"
    }
  },
  "resources": [
    {
      "mode": "managed",
      "type": "azurerm_app_service_source_control_slot",
      "name": "sourcecontrol",
      "provider": "provider[\"registry.terraform.io/hashicorp/azurerm\"]",
      "instances": [
        {
          "schema_version": 0,
          "attributes": {
            "branch": "main",
            "github_action_configuration": [],
            "id": "/subscriptions/02a44fee-b200-4cf9-b042-9bd4aa3bebe6/resourceGroups/rg-webapp-demo/providers/Microsoft.Web/sites/webapp-demo-007/slots/staging",
            "repo_url": "https://github.com/balamurali-infosrc/tf-sample-bg-master",
            "rollback_enabled": false,
            "scm_type": "GitHub",
            "slot_id": "/subscriptions/02a44fee-b200-4cf9-b042-9bd4aa3bebe6/resourceGroups/rg-webapp-demo/providers/Microsoft.Web/sites/webapp-demo-007/slots/staging",
            "timeouts": null,
            "use_local_git": false,
            "use_manual_integration": false,
            "use_mercurial": false,
            "uses_github_action": false
          },
          "sensitive_attributes": [],
          "identity_schema_version": 0,
          "private": "eyJlMmJmYjczMC1lY2FhLTExZTYtOGY4OC0zNDM2M2JjN2M0YzAiOnsiY3JlYXRlIjoxODAwMDAwMDAwMDAwLCJkZWxldGUiOjE4MDAwMDAwMDAwMDAsInJlYWQiOjMwMDAwMDAwMDAwMH19",
          "dependencies": [
            "azurerm_linux_web_app.webapp",
            "azurerm_linux_web_app_slot.staging",
            "azurerm_resource_group.rg",
            "azurerm_service_plan.plan"
          ]
        }
      ]
    },
    {
      "mode": "managed",
      "type": "azurerm_linux_web_app",
      "name": "webapp",
      "provider": "provider[\"registry.terraform.io/hashicorp/azurerm\"]",
      "instances": [
        {
          "schema_version": 1,
          "attributes": {
            "app_settings": null,
            "auth_settings": [],
            "auth_settings_v2": [],
            "backup": [],
            "client_affinity_enabled": false,
            "client_certificate_enabled": false,
            "client_certificate_exclusion_paths": "",
            "client_certificate_mode": "Required",
            "connection_string": [],
            "custom_domain_verification_id": "9F1109174E9E05930E658753D614857717079276E367AB44DEE00B815D784389",
            "default_hostname": "webapp-demo-007.azurewebsites.net",
            "enabled": true,
            "ftp_publish_basic_authentication_enabled": true,
            "hosting_environment_id": "",
            "https_only": false,
            "id": "/subscriptions/02a44fee-b200-4cf9-b042-9bd4aa3bebe6/resourceGroups/rg-webapp-demo/providers/Microsoft.Web/sites/webapp-demo-007",
            "identity": [],
            "key_vault_reference_identity_id": "SystemAssigned",
            "kind": "app,linux",
            "location": "eastus2",
            "logs": [],
            "name": "webapp-demo-007",
            "outbound_ip_address_list": [
              "4.153.17.163",
              "4.153.17.168",
              "4.153.17.184",
              "4.153.19.44",
              "4.153.19.56",
              "4.153.19.188",
              "4.153.16.194",
              "4.153.20.60",
              "4.153.20.101",
              "4.153.21.14",
              "4.153.21.146",
              "4.153.21.156",
              "20.119.128.20"
            ],
            "outbound_ip_addresses": "4.153.17.163,4.153.17.168,4.153.17.184,4.153.19.44,4.153.19.56,4.153.19.188,4.153.16.194,4.153.20.60,4.153.20.101,4.153.21.14,4.153.21.146,4.153.21.156,20.119.128.20",
            "possible_outbound_ip_address_list": [
              "4.153.17.163",
              "4.153.17.168",
              "4.153.17.184",
              "4.153.19.44",
              "4.153.19.56",
              "4.153.19.188",
              "4.153.16.194",
              "4.153.20.60",
              "4.153.20.101",
              "4.153.21.14",
              "4.153.21.146",
              "4.153.21.156",
              "4.153.21.160",
              "4.153.21.167",
              "4.153.21.187",
              "4.153.21.202",
              "4.153.21.219",
              "4.153.21.250",
              "4.153.22.71",
              "4.153.22.87",
              "4.153.22.115",
              "4.153.22.117",
              "4.153.22.121",
              "4.153.22.124",
              "4.153.17.139",
              "4.153.19.194",
              "4.153.19.231",
              "4.153.20.18",
              "4.153.22.130",
              "4.153.22.134",
              "20.119.128.20"
            ],
            "possible_outbound_ip_addresses": "4.153.17.163,4.153.17.168,4.153.17.184,4.153.19.44,4.153.19.56,4.153.19.188,4.153.16.194,4.153.20.60,4.153.20.101,4.153.21.14,4.153.21.146,4.153.21.156,4.153.21.160,4.153.21.167,4.153.21.187,4.153.21.202,4.153.21.219,4.153.21.250,4.153.22.71,4.153.22.87,4.153.22.115,4.153.22.117,4.153.22.121,4.153.22.124,4.153.17.139,4.153.19.194,4.153.19.231,4.153.20.18,4.153.22.130,4.153.22.134,20.119.128.20",
            "public_network_access_enabled": true,
            "resource_group_name": "rg-webapp-demo",
            "service_plan_id": "/subscriptions/02a44fee-b200-4cf9-b042-9bd4aa3bebe6/resourceGroups/rg-webapp-demo/providers/Microsoft.Web/serverFarms/asp-demo",
            "site_config": [
              {
                "always_on": true,
                "api_definition_url": "",
                "api_management_api_id": "",
                "app_command_line": "",
                "application_stack": [
                  {
                    "docker_image": "",
                    "docker_image_name": "",
                    "docker_image_tag": "",
                    "docker_registry_password": "",
                    "docker_registry_url": "",
                    "docker_registry_username": "",
                    "dotnet_version": "8.0",
                    "go_version": "",
                    "java_server": "",
                    "java_server_version": "",
                    "java_version": "",
                    "node_version": "",
                    "php_version": "",
                    "python_version": "",
                    "ruby_version": ""
                  }
                ],
                "auto_heal_enabled": false,
                "auto_heal_setting": [],
                "container_registry_managed_identity_client_id": "",
                "container_registry_use_managed_identity": false,
                "cors": [],
                "default_documents": [
                  "Default.htm",
                  "Default.html",
                  "Default.asp",
                  "index.htm",
                  "index.html",
                  "iisstart.htm",
                  "default.aspx",
                  "index.php",
                  "hostingstart.html"
                ],
                "detailed_error_logging_enabled": false,
                "ftps_state": "Disabled",
                "health_check_eviction_time_in_min": 0,
                "health_check_path": "",
                "http2_enabled": false,
                "ip_restriction": [],
                "ip_restriction_default_action": "Allow",
                "linux_fx_version": "DOTNETCORE|8.0",
                "load_balancing_mode": "LeastRequests",
                "local_mysql_enabled": false,
                "managed_pipeline_mode": "Integrated",
                "minimum_tls_version": "1.2",
                "remote_debugging_enabled": false,
                "remote_debugging_version": "VS2022",
                "scm_ip_restriction": [],
                "scm_ip_restriction_default_action": "Allow",
                "scm_minimum_tls_version": "1.2",
                "scm_type": "None",
                "scm_use_main_ip_restriction": false,
                "use_32_bit_worker": true,
                "vnet_route_all_enabled": false,
                "websockets_enabled": false,
                "worker_count": 1
              }
            ],
            "site_credential": [
              {
                "name": "$webapp-demo-007",
                "password": "vW7jbQaBbAfpYhqQ6g30wblHJ3hm0jGQpFMcvCLYtetkw2iiqPWumjM3Jsrb"
              }
            ],
            "sticky_settings": [],
            "storage_account": [],
            "tags": null,
            "timeouts": null,
            "virtual_network_subnet_id": "",
            "webdeploy_publish_basic_authentication_enabled": true,
            "zip_deploy_file": ""
          },
          "sensitive_attributes": [
            [
              {
                "type": "get_attr",
                "value": "custom_domain_verification_id"
              }
            ],
            [
              {
                "type": "get_attr",
                "value": "site_config"
              },
              {
                "type": "index",
                "value": {
                  "value": 0,
                  "type": "number"
                }
              },
              {
                "type": "get_attr",
                "value": "application_stack"
              },
              {
                "type": "index",
                "value": {
                  "value": 0,
                  "type": "number"
                }
              },
              {
                "type": "get_attr",
                "value": "docker_registry_password"
              }
            ],
            [
              {
                "type": "get_attr",
                "value": "site_credential"
              }
            ]
          ],
          "identity_schema_version": 0,
          "private": "eyJlMmJmYjczMC1lY2FhLTExZTYtOGY4OC0zNDM2M2JjN2M0YzAiOnsiY3JlYXRlIjoxODAwMDAwMDAwMDAwLCJkZWxldGUiOjE4MDAwMDAwMDAwMDAsInJlYWQiOjMwMDAwMDAwMDAwMCwidXBkYXRlIjoxODAwMDAwMDAwMDAwfSwic2NoZW1hX3ZlcnNpb24iOiIxIn0=",
          "dependencies": [
            "azurerm_resource_group.rg",
            "azurerm_service_plan.plan"
          ]
        }
      ]
    },
    {
      "mode": "managed",
      "type": "azurerm_linux_web_app_slot",
      "name": "staging",
      "provider": "provider[\"registry.terraform.io/hashicorp/azurerm\"]",
      "instances": [
        {
          "schema_version": 1,
          "attributes": {
            "app_metadata": {},
            "app_service_id": "/subscriptions/02a44fee-b200-4cf9-b042-9bd4aa3bebe6/resourceGroups/rg-webapp-demo/providers/Microsoft.Web/sites/webapp-demo-007",
            "app_settings": null,
            "auth_settings": [],
            "auth_settings_v2": [],
            "backup": [],
            "client_affinity_enabled": false,
            "client_certificate_enabled": false,
            "client_certificate_exclusion_paths": "",
            "client_certificate_mode": "Required",
            "connection_string": [],
            "custom_domain_verification_id": "9F1109174E9E05930E658753D614857717079276E367AB44DEE00B815D784389",
            "default_hostname": "webapp-demo-007-staging.azurewebsites.net",
            "enabled": true,
            "ftp_publish_basic_authentication_enabled": true,
            "hosting_environment_id": "",
            "https_only": false,
            "id": "/subscriptions/02a44fee-b200-4cf9-b042-9bd4aa3bebe6/resourceGroups/rg-webapp-demo/providers/Microsoft.Web/sites/webapp-demo-007/slots/staging",
            "identity": [],
            "key_vault_reference_identity_id": "SystemAssigned",
            "kind": "app,linux",
            "logs": [],
            "name": "staging",
            "outbound_ip_address_list": [
              "4.153.17.163",
              "4.153.17.168",
              "4.153.17.184",
              "4.153.19.44",
              "4.153.19.56",
              "4.153.19.188",
              "4.153.16.194",
              "4.153.20.60",
              "4.153.20.101",
              "4.153.21.14",
              "4.153.21.146",
              "4.153.21.156",
              "20.119.128.20"
            ],
            "outbound_ip_addresses": "4.153.17.163,4.153.17.168,4.153.17.184,4.153.19.44,4.153.19.56,4.153.19.188,4.153.16.194,4.153.20.60,4.153.20.101,4.153.21.14,4.153.21.146,4.153.21.156,20.119.128.20",
            "possible_outbound_ip_address_list": [
              "4.153.17.163",
              "4.153.17.168",
              "4.153.17.184",
              "4.153.19.44",
              "4.153.19.56",
              "4.153.19.188",
              "4.153.16.194",
              "4.153.20.60",
              "4.153.20.101",
              "4.153.21.14",
              "4.153.21.146",
              "4.153.21.156",
              "4.153.21.160",
              "4.153.21.167",
              "4.153.21.187",
              "4.153.21.202",
              "4.153.21.219",
              "4.153.21.250",
              "4.153.22.71",
              "4.153.22.87",
              "4.153.22.115",
              "4.153.22.117",
              "4.153.22.121",
              "4.153.22.124",
              "4.153.17.139",
              "4.153.19.194",
              "4.153.19.231",
              "4.153.20.18",
              "4.153.22.130",
              "4.153.22.134",
              "20.119.128.20"
            ],
            "possible_outbound_ip_addresses": "4.153.17.163,4.153.17.168,4.153.17.184,4.153.19.44,4.153.19.56,4.153.19.188,4.153.16.194,4.153.20.60,4.153.20.101,4.153.21.14,4.153.21.146,4.153.21.156,4.153.21.160,4.153.21.167,4.153.21.187,4.153.21.202,4.153.21.219,4.153.21.250,4.153.22.71,4.153.22.87,4.153.22.115,4.153.22.117,4.153.22.121,4.153.22.124,4.153.17.139,4.153.19.194,4.153.19.231,4.153.20.18,4.153.22.130,4.153.22.134,20.119.128.20",
            "public_network_access_enabled": true,
            "service_plan_id": "",
            "site_config": [
              {
                "always_on": true,
                "api_definition_url": "",
                "api_management_api_id": "",
                "app_command_line": "",
                "application_stack": [
                  {
                    "docker_image": "",
                    "docker_image_name": "",
                    "docker_image_tag": "",
                    "docker_registry_password": "",
                    "docker_registry_url": "",
                    "docker_registry_username": "",
                    "dotnet_version": "8.0",
                    "go_version": "",
                    "java_server": "",
                    "java_server_version": "",
                    "java_version": "",
                    "node_version": "",
                    "php_version": "",
                    "python_version": "",
                    "ruby_version": ""
                  }
                ],
                "auto_heal_enabled": false,
                "auto_heal_setting": [],
                "auto_swap_slot_name": "",
                "container_registry_managed_identity_client_id": "",
                "container_registry_use_managed_identity": false,
                "cors": [],
                "default_documents": [
                  "Default.htm",
                  "Default.html",
                  "Default.asp",
                  "index.htm",
                  "index.html",
                  "iisstart.htm",
                  "default.aspx",
                  "index.php",
                  "hostingstart.html"
                ],
                "detailed_error_logging_enabled": false,
                "ftps_state": "Disabled",
                "health_check_eviction_time_in_min": 0,
                "health_check_path": "",
                "http2_enabled": false,
                "ip_restriction": [],
                "ip_restriction_default_action": "Allow",
                "linux_fx_version": "DOTNETCORE|8.0",
                "load_balancing_mode": "LeastRequests",
                "local_mysql_enabled": false,
                "managed_pipeline_mode": "Integrated",
                "minimum_tls_version": "1.2",
                "remote_debugging_enabled": false,
                "remote_debugging_version": "VS2022",
                "scm_ip_restriction": [],
                "scm_ip_restriction_default_action": "Allow",
                "scm_minimum_tls_version": "1.2",
                "scm_type": "None",
                "scm_use_main_ip_restriction": false,
                "use_32_bit_worker": true,
                "vnet_route_all_enabled": false,
                "websockets_enabled": false,
                "worker_count": 1
              }
            ],
            "site_credential": [
              {
                "name": "$webapp-demo-007__staging",
                "password": "S9NpGR1yxsLaEZejs7DFqwsTXlyLxdKxcYQ1pthCwZhEmspd3WfnLvowRCjJ"
              }
            ],
            "storage_account": [],
            "tags": null,
            "timeouts": null,
            "virtual_network_subnet_id": "",
            "webdeploy_publish_basic_authentication_enabled": true,
            "zip_deploy_file": ""
          },
          "sensitive_attributes": [
            [
              {
                "type": "get_attr",
                "value": "custom_domain_verification_id"
              }
            ],
            [
              {
                "type": "get_attr",
                "value": "site_config"
              },
              {
                "type": "index",
                "value": {
                  "value": 0,
                  "type": "number"
                }
              },
              {
                "type": "get_attr",
                "value": "application_stack"
              },
              {
                "type": "index",
                "value": {
                  "value": 0,
                  "type": "number"
                }
              },
              {
                "type": "get_attr",
                "value": "docker_registry_password"
              }
            ],
            [
              {
                "type": "get_attr",
                "value": "site_credential"
              }
            ]
          ],
          "identity_schema_version": 0,
          "private": "eyJlMmJmYjczMC1lY2FhLTExZTYtOGY4OC0zNDM2M2JjN2M0YzAiOnsiY3JlYXRlIjoxODAwMDAwMDAwMDAwLCJkZWxldGUiOjE4MDAwMDAwMDAwMDAsInJlYWQiOjMwMDAwMDAwMDAwMCwidXBkYXRlIjoxODAwMDAwMDAwMDAwfSwic2NoZW1hX3ZlcnNpb24iOiIxIn0=",
          "dependencies": [
            "azurerm_linux_web_app.webapp",
            "azurerm_resource_group.rg",
            "azurerm_service_plan.plan"
          ]
        }
      ]
    },
    {
      "mode": "managed",
      "type": "azurerm_resource_group",
      "name": "rg",
      "provider": "provider[\"registry.terraform.io/hashicorp/azurerm\"]",
      "instances": [
        {
          "schema_version": 0,
          "attributes": {
            "id": "/subscriptions/02a44fee-b200-4cf9-b042-9bd4aa3bebe6/resourceGroups/rg-webapp-demo",
            "location": "eastus2",
            "managed_by": "",
            "name": "rg-webapp-demo",
            "tags": null,
            "timeouts": null
          },
          "sensitive_attributes": [],
          "identity_schema_version": 0,
          "private": "eyJlMmJmYjczMC1lY2FhLTExZTYtOGY4OC0zNDM2M2JjN2M0YzAiOnsiY3JlYXRlIjo1NDAwMDAwMDAwMDAwLCJkZWxldGUiOjU0MDAwMDAwMDAwMDAsInJlYWQiOjMwMDAwMDAwMDAwMCwidXBkYXRlIjo1NDAwMDAwMDAwMDAwfX0="
        }
      ]
    },
    {
      "mode": "managed",
      "type": "azurerm_service_plan",
      "name": "plan",
      "provider": "provider[\"registry.terraform.io/hashicorp/azurerm\"]",
      "instances": [
        {
          "schema_version": 1,
          "attributes": {
            "app_service_environment_id": "",
            "id": "/subscriptions/02a44fee-b200-4cf9-b042-9bd4aa3bebe6/resourceGroups/rg-webapp-demo/providers/Microsoft.Web/serverFarms/asp-demo",
            "kind": "linux",
            "location": "eastus2",
            "maximum_elastic_worker_count": 1,
            "name": "asp-demo",
            "os_type": "Linux",
            "per_site_scaling_enabled": false,
            "reserved": true,
            "resource_group_name": "rg-webapp-demo",
            "sku_name": "S1",
            "tags": null,
            "timeouts": null,
            "worker_count": 1,
            "zone_balancing_enabled": false
          },
          "sensitive_attributes": [],
          "identity_schema_version": 0,
          "private": "eyJlMmJmYjczMC1lY2FhLTExZTYtOGY4OC0zNDM2M2JjN2M0YzAiOnsiY3JlYXRlIjozNjAwMDAwMDAwMDAwLCJkZWxldGUiOjM2MDAwMDAwMDAwMDAsInJlYWQiOjMwMDAwMDAwMDAwMCwidXBkYXRlIjozNjAwMDAwMDAwMDAwfSwic2NoZW1hX3ZlcnNpb24iOiIxIn0=",
          "dependencies": [
            "azurerm_resource_group.rg"
          ]
        }
      ]
    }
  ],
  "check_results": null
}
